# THIS IS AN AUTOGENERATED FILE. DO NOT EDIT THIS FILE DIRECTLY.
# yarn lockfile v1


"@babel/parser@^7.15.0":
  "integrity" "sha1-e6zcvnG9w/+TbVEMFdzqfPC5kBY="
  "resolved" "http://registry.m.jd.com/@babel/parser/download/@babel/parser-7.15.8.tgz"
  "version" "7.15.8"

"@vitejs/plugin-vue@^1.9.3":
  "integrity" "sha1-k9YYk85scj0CCa8Eg+yLkaLNgR8="
  "resolved" "http://registry.m.jd.com/@vitejs/plugin-vue/download/@vitejs/plugin-vue-1.9.3.tgz"
  "version" "1.9.3"

"@vue/compiler-core@3.2.20":
  "integrity" "sha1-r1o8UjeBiDWw0L6DfrWIWo0hwWA="
  "resolved" "http://registry.m.jd.com/@vue/compiler-core/download/@vue/compiler-core-3.2.20.tgz"
  "version" "3.2.20"
  dependencies:
    "@babel/parser" "^7.15.0"
    "@vue/shared" "3.2.20"
    "estree-walker" "^2.0.2"
    "source-map" "^0.6.1"

"@vue/compiler-dom@3.2.20":
  "integrity" "sha1-jg7zVEScD69BUZsAv8IEXq4B3LU="
  "resolved" "http://registry.m.jd.com/@vue/compiler-dom/download/@vue/compiler-dom-3.2.20.tgz"
  "version" "3.2.20"
  dependencies:
    "@vue/compiler-core" "3.2.20"
    "@vue/shared" "3.2.20"

"@vue/compiler-sfc@3.2.20":
  "integrity" "sha1-LXZo528GbFZt18CcFcmszk6Hbgo="
  "resolved" "http://registry.m.jd.com/@vue/compiler-sfc/download/@vue/compiler-sfc-3.2.20.tgz"
  "version" "3.2.20"
  dependencies:
    "@babel/parser" "^7.15.0"
    "@vue/compiler-core" "3.2.20"
    "@vue/compiler-dom" "3.2.20"
    "@vue/compiler-ssr" "3.2.20"
    "@vue/ref-transform" "3.2.20"
    "@vue/shared" "3.2.20"
    "estree-walker" "^2.0.2"
    "magic-string" "^0.25.7"
    "postcss" "^8.1.10"
    "source-map" "^0.6.1"

"@vue/compiler-ssr@3.2.20":
  "integrity" "sha1-nM62Jh2ZMstVaCAmEMHCj4bF5SE="
  "resolved" "http://registry.m.jd.com/@vue/compiler-ssr/download/@vue/compiler-ssr-3.2.20.tgz"
  "version" "3.2.20"
  dependencies:
    "@vue/compiler-dom" "3.2.20"
    "@vue/shared" "3.2.20"

"@vue/devtools-api@^6.0.0-beta.18":
  "integrity" "sha1-+OiAWdqkJFFZkkJqDH6lzeB+mb8="
  "resolved" "http://registry.m.jd.com/@vue/devtools-api/download/@vue/devtools-api-6.0.0-beta.19.tgz"
  "version" "6.0.0-beta.19"

"@vue/reactivity@3.2.20":
  "integrity" "sha1-gf4cNo5/ILwOwd7BBFu+4lNYLeg="
  "resolved" "http://registry.m.jd.com/@vue/reactivity/download/@vue/reactivity-3.2.20.tgz"
  "version" "3.2.20"
  dependencies:
    "@vue/shared" "3.2.20"

"@vue/ref-transform@3.2.20":
  "integrity" "sha1-KlnskMr45cczZ3agkAv/CouBwJA="
  "resolved" "http://registry.m.jd.com/@vue/ref-transform/download/@vue/ref-transform-3.2.20.tgz"
  "version" "3.2.20"
  dependencies:
    "@babel/parser" "^7.15.0"
    "@vue/compiler-core" "3.2.20"
    "@vue/shared" "3.2.20"
    "estree-walker" "^2.0.2"
    "magic-string" "^0.25.7"

"@vue/runtime-core@3.2.20":
  "integrity" "sha1-j2PpVqP4j7dyVBRDxFp3ASEQEss="
  "resolved" "http://registry.m.jd.com/@vue/runtime-core/download/@vue/runtime-core-3.2.20.tgz"
  "version" "3.2.20"
  dependencies:
    "@vue/reactivity" "3.2.20"
    "@vue/shared" "3.2.20"

"@vue/runtime-dom@3.2.20":
  "integrity" "sha1-iqVq5sMPnNSnHKDp7DxL3GcUjRU="
  "resolved" "http://registry.m.jd.com/@vue/runtime-dom/download/@vue/runtime-dom-3.2.20.tgz"
  "version" "3.2.20"
  dependencies:
    "@vue/runtime-core" "3.2.20"
    "@vue/shared" "3.2.20"
    "csstype" "^2.6.8"

"@vue/server-renderer@3.2.20":
  "integrity" "sha1-cF4HrpQlEysrYifTCKUaE/TU7IE="
  "resolved" "http://registry.m.jd.com/@vue/server-renderer/download/@vue/server-renderer-3.2.20.tgz"
  "version" "3.2.20"
  dependencies:
    "@vue/compiler-ssr" "3.2.20"
    "@vue/shared" "3.2.20"

"@vue/shared@3.2.20":
  "integrity" "sha1-U3RpYfcxqOpmbjMWJx6UQjjcMds="
  "resolved" "http://registry.m.jd.com/@vue/shared/download/@vue/shared-3.2.20.tgz"
  "version" "3.2.20"

"csstype@^2.6.8":
  "integrity" "sha1-mAqLUwhfNK8xNBCvBk8r0kF4Qhg="
  "resolved" "http://registry.m.jd.com/csstype/download/csstype-2.6.18.tgz"
  "version" "2.6.18"

"esbuild-windows-64@0.13.9":
  "integrity" "sha1-EDrT8T4aDkSTS5HzWOgd0gG4azQ="
  "resolved" "http://registry.m.jd.com/esbuild-windows-64/download/esbuild-windows-64-0.13.9.tgz"
  "version" "0.13.9"

"esbuild@^0.13.2":
  "integrity" "sha1-qvxLM3WsRDrnsiPCbE5Y0Q0tU1s="
  "resolved" "http://registry.m.jd.com/esbuild/download/esbuild-0.13.9.tgz"
  "version" "0.13.9"
  optionalDependencies:
    "esbuild-android-arm64" "0.13.9"
    "esbuild-darwin-64" "0.13.9"
    "esbuild-darwin-arm64" "0.13.9"
    "esbuild-freebsd-64" "0.13.9"
    "esbuild-freebsd-arm64" "0.13.9"
    "esbuild-linux-32" "0.13.9"
    "esbuild-linux-64" "0.13.9"
    "esbuild-linux-arm" "0.13.9"
    "esbuild-linux-arm64" "0.13.9"
    "esbuild-linux-mips64le" "0.13.9"
    "esbuild-linux-ppc64le" "0.13.9"
    "esbuild-netbsd-64" "0.13.9"
    "esbuild-openbsd-64" "0.13.9"
    "esbuild-sunos-64" "0.13.9"
    "esbuild-windows-32" "0.13.9"
    "esbuild-windows-64" "0.13.9"
    "esbuild-windows-arm64" "0.13.9"

"estree-walker@^2.0.2":
  "integrity" "sha1-UvAQF4wqTBF6d1fP6UKtt9LaTKw="
  "resolved" "http://registry.m.jd.com/estree-walker/download/estree-walker-2.0.2.tgz"
  "version" "2.0.2"

"function-bind@^1.1.1":
  "integrity" "sha1-pWiZ0+o8m6uHS7l3O3xe3pL0iV0="
  "resolved" "http://registry.m.jd.com/function-bind/download/function-bind-1.1.1.tgz"
  "version" "1.1.1"

"has@^1.0.3":
  "integrity" "sha1-ci18v8H2qoJB8W3YFOAR4fQeh5Y="
  "resolved" "http://registry.m.jd.com/has/download/has-1.0.3.tgz"
  "version" "1.0.3"
  dependencies:
    "function-bind" "^1.1.1"

"is-core-module@^2.2.0":
  "integrity" "sha1-AyEzbD0JJeSX/Zf12VyxFKXM1Ug="
  "resolved" "http://registry.m.jd.com/is-core-module/download/is-core-module-2.8.0.tgz"
  "version" "2.8.0"
  dependencies:
    "has" "^1.0.3"

"magic-string@^0.25.7":
  "integrity" "sha1-P0l9b9NMZpxnmNy4IfLvMfVEUFE="
  "resolved" "http://registry.m.jd.com/magic-string/download/magic-string-0.25.7.tgz"
  "version" "0.25.7"
  dependencies:
    "sourcemap-codec" "^1.4.4"

"nanoid@^3.1.30":
  "integrity" "sha1-Y/k8xUjSoRPcXfvGO/oJ4rm2Q2I="
  "resolved" "http://registry.m.jd.com/nanoid/download/nanoid-3.1.30.tgz"
  "version" "3.1.30"

"path-parse@^1.0.6":
  "integrity" "sha1-+8EUtgykKzDZ2vWFjkvWi77bZzU="
  "resolved" "http://registry.m.jd.com/path-parse/download/path-parse-1.0.7.tgz"
  "version" "1.0.7"

"picocolors@^1.0.0":
  "integrity" "sha1-y1vcdP8/UYkiNur3nWi8RFZKuBw="
  "resolved" "http://registry.m.jd.com/picocolors/download/picocolors-1.0.0.tgz"
  "version" "1.0.0"

"postcss@^8.1.10", "postcss@^8.3.8":
  "integrity" "sha1-w77KfqgRzV4cSj7G0udZnvH4+Fg="
  "resolved" "http://registry.m.jd.com/postcss/download/postcss-8.3.11.tgz"
  "version" "8.3.11"
  dependencies:
    "nanoid" "^3.1.30"
    "picocolors" "^1.0.0"
    "source-map-js" "^0.6.2"

"resolve@^1.20.0":
  "integrity" "sha1-YpoBP7P3B1XW8LeTXMHCxTeLGXU="
  "resolved" "http://registry.m.jd.com/resolve/download/resolve-1.20.0.tgz"
  "version" "1.20.0"
  dependencies:
    "is-core-module" "^2.2.0"
    "path-parse" "^1.0.6"

"rollup@^2.57.0":
  "integrity" "sha1-caCBONlRX7ZQQ7ahhhiy7ZrI0jk="
  "resolved" "http://registry.m.jd.com/rollup/download/rollup-2.58.3.tgz"
  "version" "2.58.3"
  optionalDependencies:
    "fsevents" "~2.3.2"

"source-map-js@^0.6.2":
  "integrity" "sha1-C7XeYxtBz72mz7qL0FqA79/SOF4="
  "resolved" "http://registry.m.jd.com/source-map-js/download/source-map-js-0.6.2.tgz"
  "version" "0.6.2"

"source-map@^0.6.1":
  "integrity" "sha1-dHIq8y6WFOnCh6jQu95IteLxomM="
  "resolved" "http://registry.m.jd.com/source-map/download/source-map-0.6.1.tgz"
  "version" "0.6.1"

"sourcemap-codec@^1.4.4":
  "integrity" "sha1-6oBL2UhXQC5pktBaOO8a41qatMQ="
  "resolved" "http://registry.m.jd.com/sourcemap-codec/download/sourcemap-codec-1.4.8.tgz"
  "version" "1.4.8"

"vite@^2.5.10", "vite@^2.6.4":
  "integrity" "sha1-INPY9LT+OJBKLkJTVqqxyyMyXhI="
  "resolved" "http://registry.m.jd.com/vite/download/vite-2.6.11.tgz"
  "version" "2.6.11"
  dependencies:
    "esbuild" "^0.13.2"
    "postcss" "^8.3.8"
    "resolve" "^1.20.0"
    "rollup" "^2.57.0"
  optionalDependencies:
    "fsevents" "~2.3.2"

"vue-router@^4.0.12":
  "integrity" "sha1-jceSzd9bsavMOQj5BkE23n4TxGA="
  "resolved" "http://registry.m.jd.com/vue-router/download/vue-router-4.0.12.tgz"
  "version" "4.0.12"
  dependencies:
    "@vue/devtools-api" "^6.0.0-beta.18"

"vue@^3.0.0", "vue@^3.0.2", "vue@^3.2.16", "vue@3.2.20":
  "integrity" "sha1-lA+KqL8+O+eCQ8pYK61B/NRa4+Y="
  "resolved" "http://registry.m.jd.com/vue/download/vue-3.2.20.tgz"
  "version" "3.2.20"
  dependencies:
    "@vue/compiler-dom" "3.2.20"
    "@vue/compiler-sfc" "3.2.20"
    "@vue/runtime-dom" "3.2.20"
    "@vue/server-renderer" "3.2.20"
    "@vue/shared" "3.2.20"

"vuex@^4.0.0":
  "integrity" "sha1-rId6p2qcRTaMl5Rx5GG1INOObPU="
  "resolved" "http://registry.m.jd.com/vuex/download/vuex-4.0.0.tgz"
  "version" "4.0.0"
